
Microsoft Visual Studio Solution File, Format Version 12.00
# Visual Studio Version 17
VisualStudioVersion = 17.8.34330.188
MinimumVisualStudioVersion = 10.0.40219.1
Project("{9A19103F-16F7-4668-BE54-9A1E7A4F7556}") = "OrderManagementSystem", "OrderManagementSystem\OrderManagementSystem.csproj", "{41826C6D-43A1-480A-9093-D5D286044FB9}"
EndProject
Project("{9A19103F-16F7-4668-BE54-9A1E7A4F7556}") = "Shared", "Shared\Shared.csproj", "{7376795B-0048-45E2-96CD-DFFE8AE63389}"
EndProject
Project("{FAE04EC0-301F-11D3-BF4B-00C04F79EFBC}") = "OrderService", "OrderService\OrderService.csproj", "{9556AB65-5199-4638-B827-C177B139F58F}"
EndProject
Project("{FAE04EC0-301F-11D3-BF4B-00C04F79EFBC}") = "ProductService", "ProductService\ProductService.csproj", "{C82854C0-452E-4299-89AA-0E342C723734}"
EndProject
Project("{FAE04EC0-301F-11D3-BF4B-00C04F79EFBC}") = "CustomerService", "CustomerService\CustomerService.csproj", "{3663B101-A1BB-4EB3-B33D-EDA76E91ED0B}"
EndProject
Global
	GlobalSection(SolutionConfigurationPlatforms) = preSolution
		Debug|Any CPU = Debug|Any CPU
		Release|Any CPU = Release|Any CPU
	EndGlobalSection
	GlobalSection(ProjectConfigurationPlatforms) = postSolution
		{41826C6D-43A1-480A-9093-D5D286044FB9}.Debug|Any CPU.ActiveCfg = Debug|Any CPU
		{41826C6D-43A1-480A-9093-D5D286044FB9}.Debug|Any CPU.Build.0 = Debug|Any CPU
		{41826C6D-43A1-480A-9093-D5D286044FB9}.Release|Any CPU.ActiveCfg = Release|Any CPU
		{41826C6D-43A1-480A-9093-D5D286044FB9}.Release|Any CPU.Build.0 = Release|Any CPU
		{7376795B-0048-45E2-96CD-DFFE8AE63389}.Debug|Any CPU.ActiveCfg = Debug|Any CPU
		{7376795B-0048-45E2-96CD-DFFE8AE63389}.Debug|Any CPU.Build.0 = Debug|Any CPU
		{7376795B-0048-45E2-96CD-DFFE8AE63389}.Release|Any CPU.ActiveCfg = Release|Any CPU
		{7376795B-0048-45E2-96CD-DFFE8AE63389}.Release|Any CPU.Build.0 = Release|Any CPU
		{9556AB65-5199-4638-B827-C177B139F58F}.Debug|Any CPU.ActiveCfg = Debug|Any CPU
		{9556AB65-5199-4638-B827-C177B139F58F}.Debug|Any CPU.Build.0 = Debug|Any CPU
		{9556AB65-5199-4638-B827-C177B139F58F}.Release|Any CPU.ActiveCfg = Release|Any CPU
		{9556AB65-5199-4638-B827-C177B139F58F}.Release|Any CPU.Build.0 = Release|Any CPU
		{C82854C0-452E-4299-89AA-0E342C723734}.Debug|Any CPU.ActiveCfg = Debug|Any CPU
		{C82854C0-452E-4299-89AA-0E342C723734}.Debug|Any CPU.Build.0 = Debug|Any CPU
		{C82854C0-452E-4299-89AA-0E342C723734}.Release|Any CPU.ActiveCfg = Release|Any CPU
		{C82854C0-452E-4299-89AA-0E342C723734}.Release|Any CPU.Build.0 = Release|Any CPU
		{3663B101-A1BB-4EB3-B33D-EDA76E91ED0B}.Debug|Any CPU.ActiveCfg = Debug|Any CPU
		{3663B101-A1BB-4EB3-B33D-EDA76E91ED0B}.Debug|Any CPU.Build.0 = Debug|Any CPU
		{3663B101-A1BB-4EB3-B33D-EDA76E91ED0B}.Release|Any CPU.ActiveCfg = Release|Any CPU
		{3663B101-A1BB-4EB3-B33D-EDA76E91ED0B}.Release|Any CPU.Build.0 = Release|Any CPU
	EndGlobalSection
	GlobalSection(SolutionProperties) = preSolution
		HideSolutionNode = FALSE
	EndGlobalSection
	GlobalSection(ExtensibilityGlobals) = postSolution
		SolutionGuid = {39BF8590-F479-407C-BCF0-EAF2C6148DFC}
	EndGlobalSection
EndGlobal
